
Microsoft Visual Studio Solution File, Format Version 12.00
# Visual Studio Version 17
VisualStudioVersion = 17.7.34031.279
MinimumVisualStudioVersion = 10.0.40219.1
Project("{FAE04EC0-301F-11D3-BF4B-00C04F79EFBC}") = "6nov_task", "6nov_task.csproj", "{D6717895-DA18-4E0D-9D20-6DE850B05BF7}"
EndProject
Global
	GlobalSection(SolutionConfigurationPlatforms) = preSolution
		Debug|Any CPU = Debug|Any CPU
		Release|Any CPU = Release|Any CPU
	EndGlobalSection
	GlobalSection(ProjectConfigurationPlatforms) = postSolution
		{D6717895-DA18-4E0D-9D20-6DE850B05BF7}.Debug|Any CPU.ActiveCfg = Debug|Any CPU
		{D6717895-DA18-4E0D-9D20-6DE850B05BF7}.Debug|Any CPU.Build.0 = Debug|Any CPU
		{D6717895-DA18-4E0D-9D20-6DE850B05BF7}.Release|Any CPU.ActiveCfg = Release|Any CPU
		{D6717895-DA18-4E0D-9D20-6DE850B05BF7}.Release|Any CPU.Build.0 = Release|Any CPU
	EndGlobalSection
	GlobalSection(SolutionProperties) = preSolution
		HideSolutionNode = FALSE
	EndGlobalSection
	GlobalSection(ExtensibilityGlobals) = postSolution
		SolutionGuid = {5CFCA98A-EC84-4763-87A3-4B7C30A81F0E}
	EndGlobalSection
EndGlobal
